
Microsoft Visual Studio Solution File, Format Version 12.00
# Visual Studio 15
VisualStudioVersion = 15.0.27004.2008
MinimumVisualStudioVersion = 10.0.40219.1
Project("{FAE04EC0-301F-11D3-BF4B-00C04F79EFBC}") = "cgwo", "cgwo\cgwo.csproj", "{48E2C26E-5DAB-4341-AA17-1FD8BCDC7688}"
EndProject
Project("{FAE04EC0-301F-11D3-BF4B-00C04F79EFBC}") = "Cogs.Common", "Cogs.Common\Cogs.Common.csproj", "{7D6D205F-3417-4131-9A34-3CF12A9DE18A}"
EndProject
Project("{FAE04EC0-301F-11D3-BF4B-00C04F79EFBC}") = "Cogs.Core", "Cogs.Core\Cogs.Core.csproj", "{8F3527FF-6660-49A0-99E6-7763BAC08736}"
EndProject
Project("{FAE04EC0-301F-11D3-BF4B-00C04F79EFBC}") = "GorgleDevs.Wpf", "GorgleDevs.Wpf\GorgleDevs.Wpf.csproj", "{C36CD563-3A01-4979-8E57-2A90E4064E8A}"
EndProject
Global
	GlobalSection(SolutionConfigurationPlatforms) = preSolution
		Debug|Any CPU = Debug|Any CPU
		Release|Any CPU = Release|Any CPU
	EndGlobalSection
	GlobalSection(ProjectConfigurationPlatforms) = postSolution
		{48E2C26E-5DAB-4341-AA17-1FD8BCDC7688}.Debug|Any CPU.ActiveCfg = Debug|Any CPU
		{48E2C26E-5DAB-4341-AA17-1FD8BCDC7688}.Debug|Any CPU.Build.0 = Debug|Any CPU
		{48E2C26E-5DAB-4341-AA17-1FD8BCDC7688}.Release|Any CPU.ActiveCfg = Release|Any CPU
		{48E2C26E-5DAB-4341-AA17-1FD8BCDC7688}.Release|Any CPU.Build.0 = Release|Any CPU
		{7D6D205F-3417-4131-9A34-3CF12A9DE18A}.Debug|Any CPU.ActiveCfg = Debug|Any CPU
		{7D6D205F-3417-4131-9A34-3CF12A9DE18A}.Debug|Any CPU.Build.0 = Debug|Any CPU
		{7D6D205F-3417-4131-9A34-3CF12A9DE18A}.Release|Any CPU.ActiveCfg = Release|Any CPU
		{7D6D205F-3417-4131-9A34-3CF12A9DE18A}.Release|Any CPU.Build.0 = Release|Any CPU
		{8F3527FF-6660-49A0-99E6-7763BAC08736}.Debug|Any CPU.ActiveCfg = Debug|Any CPU
		{8F3527FF-6660-49A0-99E6-7763BAC08736}.Debug|Any CPU.Build.0 = Debug|Any CPU
		{8F3527FF-6660-49A0-99E6-7763BAC08736}.Release|Any CPU.ActiveCfg = Release|Any CPU
		{8F3527FF-6660-49A0-99E6-7763BAC08736}.Release|Any CPU.Build.0 = Release|Any CPU
		{C36CD563-3A01-4979-8E57-2A90E4064E8A}.Debug|Any CPU.ActiveCfg = Debug|Any CPU
		{C36CD563-3A01-4979-8E57-2A90E4064E8A}.Debug|Any CPU.Build.0 = Debug|Any CPU
		{C36CD563-3A01-4979-8E57-2A90E4064E8A}.Release|Any CPU.ActiveCfg = Release|Any CPU
		{C36CD563-3A01-4979-8E57-2A90E4064E8A}.Release|Any CPU.Build.0 = Release|Any CPU
	EndGlobalSection
	GlobalSection(SolutionProperties) = preSolution
		HideSolutionNode = FALSE
	EndGlobalSection
	GlobalSection(ExtensibilityGlobals) = postSolution
		SolutionGuid = {CEAA8C97-5246-4ADB-AECA-D2F8475D2C0E}
	EndGlobalSection
EndGlobal
